
Microsoft Visual Studio Solution File, Format Version 12.00
# Visual Studio Version 18
VisualStudioVersion = 18.0.11012.119 d18.0
MinimumVisualStudioVersion = 10.0.40219.1
Project("{9A19103F-16F7-4668-BE54-9A1E7A4F7556}") = "UniqueServer", "UniqueServer\UniqueServer.csproj", "{D793DC6E-51A7-4810-83C3-693672143697}"
EndProject
Project("{2150E333-8FDC-42A3-9474-1A3956D46DE8}") = "UserManagement", "UserManagement", "{BEC0C7D5-054A-4433-9EE0-75B080E367E1}"
EndProject
Project("{2150E333-8FDC-42A3-9474-1A3956D46DE8}") = "Bookshelf", "Bookshelf", "{AD3D8A22-6B1C-45B3-A72F-632AEDFFC57E}"
EndProject
Project("{2150E333-8FDC-42A3-9474-1A3956D46DE8}") = "Inventory", "Inventory", "{7147958C-0096-4B31-AD9E-9AA06FE0CA1D}"
EndProject
Project("{9A19103F-16F7-4668-BE54-9A1E7A4F7556}") = "BaseModels", "BaseModels\BaseModels.csproj", "{277B8036-919B-4FDA-8169-2AABC879FDB7}"
EndProject
Project("{9A19103F-16F7-4668-BE54-9A1E7A4F7556}") = "UserManagementService", "UserBLL\UserManagementService.csproj", "{A5804468-29B7-47ED-8E67-67AC6A773E0F}"
EndProject
Project("{9A19103F-16F7-4668-BE54-9A1E7A4F7556}") = "UserManagementModels", "UserModels\UserManagementModels.csproj", "{03DE09AF-1831-4600-BAF7-BBF62772F4EA}"
EndProject
Project("{9A19103F-16F7-4668-BE54-9A1E7A4F7556}") = "UserManagementRepo", "UserManagementDAL\UserManagementRepo.csproj", "{E4152702-1537-43A4-8F9C-EF084AA5F559}"
EndProject
Project("{9A19103F-16F7-4668-BE54-9A1E7A4F7556}") = "BookshelfModels", "BookshelfModels\BookshelfModels.csproj", "{63185F5D-3F83-41E6-A10F-89623B0F3EB2}"
EndProject
Project("{9A19103F-16F7-4668-BE54-9A1E7A4F7556}") = "BookshelfRepo", "BookshelfDbContextDAL\BookshelfRepo.csproj", "{C264B489-479C-4444-86E1-A04BFF67BCBA}"
EndProject
Project("{9A19103F-16F7-4668-BE54-9A1E7A4F7556}") = "BookshelfServices", "BookshelfBLL\BookshelfServices.csproj", "{3A05CB89-93C6-43E4-8ED0-20691F6BA196}"
EndProject
Project("{9A19103F-16F7-4668-BE54-9A1E7A4F7556}") = "BookshelfBLLTests", "BookshelfBLLTests\BookshelfBLLTests.csproj", "{46457F81-21BA-4454-90A1-1EBE71364C6F}"
EndProject
Project("{9A19103F-16F7-4668-BE54-9A1E7A4F7556}") = "UserManagementServiceTests", "UserManagementBLLTests\UserManagementServiceTests.csproj", "{54CEB18A-5A0C-4BF7-A311-8994700CC433}"
EndProject
Project("{9A19103F-16F7-4668-BE54-9A1E7A4F7556}") = "InventoryRepos", "InventoryDbContextDAL\InventoryRepos.csproj", "{33C571B7-33E2-41A3-88D5-F75448211F26}"
EndProject
Project("{9A19103F-16F7-4668-BE54-9A1E7A4F7556}") = "InventoryModels", "InventoryModels\InventoryModels.csproj", "{37E8ED57-CB61-4271-A677-C9F731C75E55}"
EndProject
Project("{9A19103F-16F7-4668-BE54-9A1E7A4F7556}") = "InventoryServices", "InventoryBLL\InventoryServices.csproj", "{A40E4E6A-6CB4-463B-A782-8A91F6FBC960}"
EndProject
Project("{9A19103F-16F7-4668-BE54-9A1E7A4F7556}") = "InventoryServicesTests", "InventoryBLLTests\InventoryServicesTests.csproj", "{FBCE7724-7D91-443C-9A5F-2D97201077ED}"
EndProject
Global
	GlobalSection(SolutionConfigurationPlatforms) = preSolution
		Debug|Any CPU = Debug|Any CPU
		Release|Any CPU = Release|Any CPU
	EndGlobalSection
	GlobalSection(ProjectConfigurationPlatforms) = postSolution
		{D793DC6E-51A7-4810-83C3-693672143697}.Debug|Any CPU.ActiveCfg = Debug|Any CPU
		{D793DC6E-51A7-4810-83C3-693672143697}.Debug|Any CPU.Build.0 = Debug|Any CPU
		{D793DC6E-51A7-4810-83C3-693672143697}.Release|Any CPU.ActiveCfg = Release|Any CPU
		{D793DC6E-51A7-4810-83C3-693672143697}.Release|Any CPU.Build.0 = Release|Any CPU
		{277B8036-919B-4FDA-8169-2AABC879FDB7}.Debug|Any CPU.ActiveCfg = Debug|Any CPU
		{277B8036-919B-4FDA-8169-2AABC879FDB7}.Debug|Any CPU.Build.0 = Debug|Any CPU
		{277B8036-919B-4FDA-8169-2AABC879FDB7}.Release|Any CPU.ActiveCfg = Release|Any CPU
		{277B8036-919B-4FDA-8169-2AABC879FDB7}.Release|Any CPU.Build.0 = Release|Any CPU
		{A5804468-29B7-47ED-8E67-67AC6A773E0F}.Debug|Any CPU.ActiveCfg = Debug|Any CPU
		{A5804468-29B7-47ED-8E67-67AC6A773E0F}.Debug|Any CPU.Build.0 = Debug|Any CPU
		{A5804468-29B7-47ED-8E67-67AC6A773E0F}.Release|Any CPU.ActiveCfg = Release|Any CPU
		{A5804468-29B7-47ED-8E67-67AC6A773E0F}.Release|Any CPU.Build.0 = Release|Any CPU
		{03DE09AF-1831-4600-BAF7-BBF62772F4EA}.Debug|Any CPU.ActiveCfg = Debug|Any CPU
		{03DE09AF-1831-4600-BAF7-BBF62772F4EA}.Debug|Any CPU.Build.0 = Debug|Any CPU
		{03DE09AF-1831-4600-BAF7-BBF62772F4EA}.Release|Any CPU.ActiveCfg = Release|Any CPU
		{03DE09AF-1831-4600-BAF7-BBF62772F4EA}.Release|Any CPU.Build.0 = Release|Any CPU
		{E4152702-1537-43A4-8F9C-EF084AA5F559}.Debug|Any CPU.ActiveCfg = Debug|Any CPU
		{E4152702-1537-43A4-8F9C-EF084AA5F559}.Debug|Any CPU.Build.0 = Debug|Any CPU
		{E4152702-1537-43A4-8F9C-EF084AA5F559}.Release|Any CPU.ActiveCfg = Release|Any CPU
		{E4152702-1537-43A4-8F9C-EF084AA5F559}.Release|Any CPU.Build.0 = Release|Any CPU
		{63185F5D-3F83-41E6-A10F-89623B0F3EB2}.Debug|Any CPU.ActiveCfg = Debug|Any CPU
		{63185F5D-3F83-41E6-A10F-89623B0F3EB2}.Debug|Any CPU.Build.0 = Debug|Any CPU
		{63185F5D-3F83-41E6-A10F-89623B0F3EB2}.Release|Any CPU.ActiveCfg = Release|Any CPU
		{63185F5D-3F83-41E6-A10F-89623B0F3EB2}.Release|Any CPU.Build.0 = Release|Any CPU
		{C264B489-479C-4444-86E1-A04BFF67BCBA}.Debug|Any CPU.ActiveCfg = Debug|Any CPU
		{C264B489-479C-4444-86E1-A04BFF67BCBA}.Debug|Any CPU.Build.0 = Debug|Any CPU
		{C264B489-479C-4444-86E1-A04BFF67BCBA}.Release|Any CPU.ActiveCfg = Release|Any CPU
		{C264B489-479C-4444-86E1-A04BFF67BCBA}.Release|Any CPU.Build.0 = Release|Any CPU
		{3A05CB89-93C6-43E4-8ED0-20691F6BA196}.Debug|Any CPU.ActiveCfg = Debug|Any CPU
		{3A05CB89-93C6-43E4-8ED0-20691F6BA196}.Debug|Any CPU.Build.0 = Debug|Any CPU
		{3A05CB89-93C6-43E4-8ED0-20691F6BA196}.Release|Any CPU.ActiveCfg = Release|Any CPU
		{3A05CB89-93C6-43E4-8ED0-20691F6BA196}.Release|Any CPU.Build.0 = Release|Any CPU
		{46457F81-21BA-4454-90A1-1EBE71364C6F}.Debug|Any CPU.ActiveCfg = Debug|Any CPU
		{46457F81-21BA-4454-90A1-1EBE71364C6F}.Debug|Any CPU.Build.0 = Debug|Any CPU
		{46457F81-21BA-4454-90A1-1EBE71364C6F}.Release|Any CPU.ActiveCfg = Release|Any CPU
		{46457F81-21BA-4454-90A1-1EBE71364C6F}.Release|Any CPU.Build.0 = Release|Any CPU
		{54CEB18A-5A0C-4BF7-A311-8994700CC433}.Debug|Any CPU.ActiveCfg = Debug|Any CPU
		{54CEB18A-5A0C-4BF7-A311-8994700CC433}.Debug|Any CPU.Build.0 = Debug|Any CPU
		{54CEB18A-5A0C-4BF7-A311-8994700CC433}.Release|Any CPU.ActiveCfg = Release|Any CPU
		{54CEB18A-5A0C-4BF7-A311-8994700CC433}.Release|Any CPU.Build.0 = Release|Any CPU
		{33C571B7-33E2-41A3-88D5-F75448211F26}.Debug|Any CPU.ActiveCfg = Debug|Any CPU
		{33C571B7-33E2-41A3-88D5-F75448211F26}.Debug|Any CPU.Build.0 = Debug|Any CPU
		{33C571B7-33E2-41A3-88D5-F75448211F26}.Release|Any CPU.ActiveCfg = Release|Any CPU
		{33C571B7-33E2-41A3-88D5-F75448211F26}.Release|Any CPU.Build.0 = Release|Any CPU
		{37E8ED57-CB61-4271-A677-C9F731C75E55}.Debug|Any CPU.ActiveCfg = Debug|Any CPU
		{37E8ED57-CB61-4271-A677-C9F731C75E55}.Debug|Any CPU.Build.0 = Debug|Any CPU
		{37E8ED57-CB61-4271-A677-C9F731C75E55}.Release|Any CPU.ActiveCfg = Release|Any CPU
		{37E8ED57-CB61-4271-A677-C9F731C75E55}.Release|Any CPU.Build.0 = Release|Any CPU
		{A40E4E6A-6CB4-463B-A782-8A91F6FBC960}.Debug|Any CPU.ActiveCfg = Debug|Any CPU
		{A40E4E6A-6CB4-463B-A782-8A91F6FBC960}.Debug|Any CPU.Build.0 = Debug|Any CPU
		{A40E4E6A-6CB4-463B-A782-8A91F6FBC960}.Release|Any CPU.ActiveCfg = Release|Any CPU
		{A40E4E6A-6CB4-463B-A782-8A91F6FBC960}.Release|Any CPU.Build.0 = Release|Any CPU
		{FBCE7724-7D91-443C-9A5F-2D97201077ED}.Debug|Any CPU.ActiveCfg = Debug|Any CPU
		{FBCE7724-7D91-443C-9A5F-2D97201077ED}.Debug|Any CPU.Build.0 = Debug|Any CPU
		{FBCE7724-7D91-443C-9A5F-2D97201077ED}.Release|Any CPU.ActiveCfg = Release|Any CPU
		{FBCE7724-7D91-443C-9A5F-2D97201077ED}.Release|Any CPU.Build.0 = Release|Any CPU
	EndGlobalSection
	GlobalSection(SolutionProperties) = preSolution
		HideSolutionNode = FALSE
	EndGlobalSection
	GlobalSection(NestedProjects) = preSolution
		{A5804468-29B7-47ED-8E67-67AC6A773E0F} = {BEC0C7D5-054A-4433-9EE0-75B080E367E1}
		{03DE09AF-1831-4600-BAF7-BBF62772F4EA} = {BEC0C7D5-054A-4433-9EE0-75B080E367E1}
		{E4152702-1537-43A4-8F9C-EF084AA5F559} = {BEC0C7D5-054A-4433-9EE0-75B080E367E1}
		{63185F5D-3F83-41E6-A10F-89623B0F3EB2} = {AD3D8A22-6B1C-45B3-A72F-632AEDFFC57E}
		{C264B489-479C-4444-86E1-A04BFF67BCBA} = {AD3D8A22-6B1C-45B3-A72F-632AEDFFC57E}
		{3A05CB89-93C6-43E4-8ED0-20691F6BA196} = {AD3D8A22-6B1C-45B3-A72F-632AEDFFC57E}
		{46457F81-21BA-4454-90A1-1EBE71364C6F} = {AD3D8A22-6B1C-45B3-A72F-632AEDFFC57E}
		{54CEB18A-5A0C-4BF7-A311-8994700CC433} = {BEC0C7D5-054A-4433-9EE0-75B080E367E1}
		{33C571B7-33E2-41A3-88D5-F75448211F26} = {7147958C-0096-4B31-AD9E-9AA06FE0CA1D}
		{37E8ED57-CB61-4271-A677-C9F731C75E55} = {7147958C-0096-4B31-AD9E-9AA06FE0CA1D}
		{A40E4E6A-6CB4-463B-A782-8A91F6FBC960} = {7147958C-0096-4B31-AD9E-9AA06FE0CA1D}
		{FBCE7724-7D91-443C-9A5F-2D97201077ED} = {7147958C-0096-4B31-AD9E-9AA06FE0CA1D}
	EndGlobalSection
	GlobalSection(ExtensibilityGlobals) = postSolution
		SolutionGuid = {FBC14AD8-ED02-4BEC-93C9-2E416322F0BA}
	EndGlobalSection
EndGlobal
